
Microsoft Visual Studio Solution File, Format Version 12.00
# Visual Studio Version 16
VisualStudioVersion = 16.0.31911.196
MinimumVisualStudioVersion = 10.0.40219.1
Project("{FAE04EC0-301F-11D3-BF4B-00C04F79EFBC}") = "testCountriesApi", "testCountriesApi.csproj", "{30F06C86-E0A8-408B-8109-A3FAD3C5D296}"
EndProject
Global
	GlobalSection(SolutionConfigurationPlatforms) = preSolution
		Debug|Any CPU = Debug|Any CPU
		Release|Any CPU = Release|Any CPU
	EndGlobalSection
	GlobalSection(ProjectConfigurationPlatforms) = postSolution
		{30F06C86-E0A8-408B-8109-A3FAD3C5D296}.Debug|Any CPU.ActiveCfg = Debug|Any CPU
		{30F06C86-E0A8-408B-8109-A3FAD3C5D296}.Debug|Any CPU.Build.0 = Debug|Any CPU
		{30F06C86-E0A8-408B-8109-A3FAD3C5D296}.Release|Any CPU.ActiveCfg = Release|Any CPU
		{30F06C86-E0A8-408B-8109-A3FAD3C5D296}.Release|Any CPU.Build.0 = Release|Any CPU
	EndGlobalSection
	GlobalSection(SolutionProperties) = preSolution
		HideSolutionNode = FALSE
	EndGlobalSection
	GlobalSection(ExtensibilityGlobals) = postSolution
		SolutionGuid = {59616C8A-7C6C-48BF-A58F-529D7611418A}
	EndGlobalSection
EndGlobal
